
Microsoft Visual Studio Solution File, Format Version 12.00
# Visual Studio Version 16
VisualStudioVersion = 16.0.29911.84
MinimumVisualStudioVersion = 10.0.40219.1
Project("{FAE04EC0-301F-11D3-BF4B-00C04F79EFBC}") = "UsersManagement.API", "UsersManagement.API\UsersManagement.API.csproj", "{8CA8D102-D6E3-4DD5-8D6C-E9ABEB3BC053}"
EndProject
Global
	GlobalSection(SolutionConfigurationPlatforms) = preSolution
		Debug|Any CPU = Debug|Any CPU
		Release|Any CPU = Release|Any CPU
	EndGlobalSection
	GlobalSection(ProjectConfigurationPlatforms) = postSolution
		{8CA8D102-D6E3-4DD5-8D6C-E9ABEB3BC053}.Debug|Any CPU.ActiveCfg = Debug|Any CPU
		{8CA8D102-D6E3-4DD5-8D6C-E9ABEB3BC053}.Debug|Any CPU.Build.0 = Debug|Any CPU
		{8CA8D102-D6E3-4DD5-8D6C-E9ABEB3BC053}.Release|Any CPU.ActiveCfg = Release|Any CPU
		{8CA8D102-D6E3-4DD5-8D6C-E9ABEB3BC053}.Release|Any CPU.Build.0 = Release|Any CPU
	EndGlobalSection
	GlobalSection(SolutionProperties) = preSolution
		HideSolutionNode = FALSE
	EndGlobalSection
	GlobalSection(ExtensibilityGlobals) = postSolution
		SolutionGuid = {006C016F-61D3-45A2-A745-7190F6A7941F}
	EndGlobalSection
EndGlobal
